{
    "name": "list-icons-font-awesome",
    "version": "1.0.0",
    "lockfileVersion": 1,
    "requires": true,
    "dependencies": {
        "@fortawesome/fontawesome-free-webfonts": {
            "version": "1.0.9",
            "resolved": "https://registry.npmjs.org/@fortawesome/fontawesome-free-webfonts/-/fontawesome-free-webfonts-1.0.9.tgz",
            "integrity": "sha512-nLgl6b6a+tXaoJJnSRw0hjN8cWM/Q5DhxKAwI9Xr0AiC43lQ2F98vQ1KLA6kw5OoYeAyisGGqmlwtBj0WqOI5Q=="
        },
        "args-parser": {
            "version": "1.1.0",
            "resolved": "https://registry.npmjs.org/args-parser/-/args-parser-1.1.0.tgz",
            "integrity": "sha1-YlO/zWlNJ5/mPqr9eNYo0UoF/6k="
        }
    }
}
